
Microsoft Visual Studio Solution File, Format Version 12.00
# Visual Studio Version 17
VisualStudioVersion = 17.2.32516.85
MinimumVisualStudioVersion = 10.0.40219.1
Project("{9A19103F-16F7-4668-BE54-9A1E7A4F7556}") = "SquadTopography.Generator", "SquadTopography.Generator\SquadTopography.Generator.csproj", "{D1C6BC47-6707-44CF-A197-0D59C689D0B2}"
EndProject
Project("{FAE04EC0-301F-11D3-BF4B-00C04F79EFBC}") = "SquadTopography.SquadMcMapDataExtractor", "SquadTopography.SquadMcMapDataExtractor\SquadTopography.SquadMcMapDataExtractor.csproj", "{20746EE3-D57E-4438-A24A-645F132FBF54}"
EndProject
Project("{FAE04EC0-301F-11D3-BF4B-00C04F79EFBC}") = "SquadTopography.Heightmaps", "SquadTopography.Heightmaps\SquadTopography.Heightmaps.csproj", "{6BF4A6BC-B87F-4879-8D91-C8888E279969}"
EndProject
Global
	GlobalSection(SolutionConfigurationPlatforms) = preSolution
		Debug|Any CPU = Debug|Any CPU
		Release|Any CPU = Release|Any CPU
	EndGlobalSection
	GlobalSection(ProjectConfigurationPlatforms) = postSolution
		{D1C6BC47-6707-44CF-A197-0D59C689D0B2}.Debug|Any CPU.ActiveCfg = Debug|Any CPU
		{D1C6BC47-6707-44CF-A197-0D59C689D0B2}.Debug|Any CPU.Build.0 = Debug|Any CPU
		{D1C6BC47-6707-44CF-A197-0D59C689D0B2}.Release|Any CPU.ActiveCfg = Release|Any CPU
		{D1C6BC47-6707-44CF-A197-0D59C689D0B2}.Release|Any CPU.Build.0 = Release|Any CPU
		{20746EE3-D57E-4438-A24A-645F132FBF54}.Debug|Any CPU.ActiveCfg = Debug|Any CPU
		{20746EE3-D57E-4438-A24A-645F132FBF54}.Debug|Any CPU.Build.0 = Debug|Any CPU
		{20746EE3-D57E-4438-A24A-645F132FBF54}.Release|Any CPU.ActiveCfg = Release|Any CPU
		{20746EE3-D57E-4438-A24A-645F132FBF54}.Release|Any CPU.Build.0 = Release|Any CPU
		{6BF4A6BC-B87F-4879-8D91-C8888E279969}.Debug|Any CPU.ActiveCfg = Debug|Any CPU
		{6BF4A6BC-B87F-4879-8D91-C8888E279969}.Debug|Any CPU.Build.0 = Debug|Any CPU
		{6BF4A6BC-B87F-4879-8D91-C8888E279969}.Release|Any CPU.ActiveCfg = Release|Any CPU
		{6BF4A6BC-B87F-4879-8D91-C8888E279969}.Release|Any CPU.Build.0 = Release|Any CPU
	EndGlobalSection
	GlobalSection(SolutionProperties) = preSolution
		HideSolutionNode = FALSE
	EndGlobalSection
	GlobalSection(ExtensibilityGlobals) = postSolution
		SolutionGuid = {BAD2CD64-34C1-40B2-A663-BC7B8E2D7386}
	EndGlobalSection
EndGlobal
